
Microsoft Visual Studio Solution File, Format Version 12.00
# Visual Studio Version 17
VisualStudioVersion = 17.3.32811.315
MinimumVisualStudioVersion = 10.0.40219.1
Project("{8BC9CEB8-8B4A-11D0-8D11-00A0C91BC942}") = "班级管理系统", "班级管理系统.vcxproj", "{FCA7FD91-AF5A-497C-9269-F8CEA3064DCA}"
EndProject
Global
	GlobalSection(SolutionConfigurationPlatforms) = preSolution
		Debug|x64 = Debug|x64
		Debug|x86 = Debug|x86
		Release|x64 = Release|x64
		Release|x86 = Release|x86
	EndGlobalSection
	GlobalSection(ProjectConfigurationPlatforms) = postSolution
		{FCA7FD91-AF5A-497C-9269-F8CEA3064DCA}.Debug|x64.ActiveCfg = Debug|x64
		{FCA7FD91-AF5A-497C-9269-F8CEA3064DCA}.Debug|x64.Build.0 = Debug|x64
		{FCA7FD91-AF5A-497C-9269-F8CEA3064DCA}.Debug|x86.ActiveCfg = Debug|Win32
		{FCA7FD91-AF5A-497C-9269-F8CEA3064DCA}.Debug|x86.Build.0 = Debug|Win32
		{FCA7FD91-AF5A-497C-9269-F8CEA3064DCA}.Release|x64.ActiveCfg = Release|x64
		{FCA7FD91-AF5A-497C-9269-F8CEA3064DCA}.Release|x64.Build.0 = Release|x64
		{FCA7FD91-AF5A-497C-9269-F8CEA3064DCA}.Release|x86.ActiveCfg = Release|Win32
		{FCA7FD91-AF5A-497C-9269-F8CEA3064DCA}.Release|x86.Build.0 = Release|Win32
	EndGlobalSection
	GlobalSection(SolutionProperties) = preSolution
		HideSolutionNode = FALSE
	EndGlobalSection
	GlobalSection(ExtensibilityGlobals) = postSolution
		SolutionGuid = {E6DB0179-7D0D-44CA-985D-DBBF1F4F1647}
	EndGlobalSection
EndGlobal
